
Microsoft Visual Studio Solution File, Format Version 12.00
# Visual Studio 2015
Project("{FAE04EC0-301F-11D3-BF4B-00C04F79EFBC}") = "Naruto2048.CSharp", "Naruto2048.CSharp.csproj", "{3A906EDA-B670-7E32-1FA3-1D143D6D2B97}"
EndProject
Project("{FAE04EC0-301F-11D3-BF4B-00C04F79EFBC}") = "Naruto2048.CSharp.Editor", "Naruto2048.CSharp.Editor.csproj", "{92E8EB6D-C18D-7FAE-D57D-0674597B844F}"
EndProject
Global
	GlobalSection(SolutionConfigurationPlatforms) = preSolution
		Debug|Any CPU = Debug|Any CPU
		Release|Any CPU = Release|Any CPU
	EndGlobalSection
	GlobalSection(ProjectConfigurationPlatforms) = postSolution
		{3A906EDA-B670-7E32-1FA3-1D143D6D2B97}.Debug|Any CPU.ActiveCfg = Debug|Any CPU
		{3A906EDA-B670-7E32-1FA3-1D143D6D2B97}.Debug|Any CPU.Build.0 = Debug|Any CPU
		{3A906EDA-B670-7E32-1FA3-1D143D6D2B97}.Release|Any CPU.ActiveCfg = Release|Any CPU
		{3A906EDA-B670-7E32-1FA3-1D143D6D2B97}.Release|Any CPU.Build.0 = Release|Any CPU
		{92E8EB6D-C18D-7FAE-D57D-0674597B844F}.Debug|Any CPU.ActiveCfg = Debug|Any CPU
		{92E8EB6D-C18D-7FAE-D57D-0674597B844F}.Debug|Any CPU.Build.0 = Debug|Any CPU
		{92E8EB6D-C18D-7FAE-D57D-0674597B844F}.Release|Any CPU.ActiveCfg = Release|Any CPU
		{92E8EB6D-C18D-7FAE-D57D-0674597B844F}.Release|Any CPU.Build.0 = Release|Any CPU
	EndGlobalSection
	GlobalSection(SolutionProperties) = preSolution
		HideSolutionNode = FALSE
	EndGlobalSection
EndGlobal
